# This file is automatically @generated by Cargo.
# It is not intended for manual editing.
version = 3

[[package]]
name = "content"
version = "0.1.0"
dependencies = [
 "nix-docs-gen",
]

[[package]]
name = "nix-docs-gen"
version = "0.1.0"
dependencies = [
 "urlencoding",
]

[[package]]
name = "urlencoding"
version = "2.1.0"
source = "registry+https://github.com/rust-lang/crates.io-index"
checksum = "68b90931029ab9b034b300b797048cf23723400aa757e8a2bfb9d748102f9821"
